
Microsoft Visual Studio Solution File, Format Version 12.00
# Visual Studio Version 16
VisualStudioVersion = 16.0.29519.181
MinimumVisualStudioVersion = 10.0.40219.1
Project("{FAE04EC0-301F-11D3-BF4B-00C04F79EFBC}") = "Bar", "Bar\Bar.csproj", "{51138A04-9A0E-4F5C-96B1-4BCB85860072}"
EndProject
Global
	GlobalSection(SolutionConfigurationPlatforms) = preSolution
		Debug|Any CPU = Debug|Any CPU
		Release|Any CPU = Release|Any CPU
	EndGlobalSection
	GlobalSection(ProjectConfigurationPlatforms) = postSolution
		{51138A04-9A0E-4F5C-96B1-4BCB85860072}.Debug|Any CPU.ActiveCfg = Debug|Any CPU
		{51138A04-9A0E-4F5C-96B1-4BCB85860072}.Debug|Any CPU.Build.0 = Debug|Any CPU
		{51138A04-9A0E-4F5C-96B1-4BCB85860072}.Release|Any CPU.ActiveCfg = Release|Any CPU
		{51138A04-9A0E-4F5C-96B1-4BCB85860072}.Release|Any CPU.Build.0 = Release|Any CPU
	EndGlobalSection
	GlobalSection(SolutionProperties) = preSolution
		HideSolutionNode = FALSE
	EndGlobalSection
	GlobalSection(ExtensibilityGlobals) = postSolution
		SolutionGuid = {24235AB2-BE77-41EB-92E3-B861F623AC8B}
	EndGlobalSection
EndGlobal
